lockfileVersion: '9.0'

settings:
  autoInstallPeers: true
  excludeLinksFromLockfile: false

importers:

  .:
    devDependencies:
      ffi-rs:
        specifier: ^1.0.78
        version: 1.0.78

packages:

  '@yuuang/ffi-rs-darwin-arm64@1.0.78':
    resolution: {integrity: sha512-MyhfA9fxfk7jVsg9u5O3PFJ5J98zQf0KTsbeLlrTGTgTBV/j+KvN2Tl921OrycLrctoodj4jLY1V3EOEXILfLA==}
    engines: {node: '>= 12'}
    cpu: [arm64]
    os: [darwin]

  '@yuuang/ffi-rs-darwin-x64@1.0.78':
    resolution: {integrity: sha512-oivj+rQzStdVr8ifCKk1HUDq7kObl0hvHL4sf31cHrIcFExF9GcaHb1zcfKavaY8eead1YEqIoS0+JdClC7GYQ==}
    engines: {node: '>= 12'}
    cpu: [x64]
    os: [darwin]

  '@yuuang/ffi-rs-linux-arm64-gnu@1.0.78':
    resolution: {integrity: sha512-IJEvHT6J/t0i4z9xWIvfjkFEjU2dg2D+r6M0ga7lln/bZPbJbPrfAwXVRm9nRVeR5G/s8Jx3ys+VW11hf+1l3A==}
    engines: {node: '>= 12'}
    cpu: [arm64]
    os: [linux]

  '@yuuang/ffi-rs-linux-arm64-musl@1.0.78':
    resolution: {integrity: sha512-GfWTW4ZrULXBWiv0ofAgu33LoN6o3gUX8fLfV7cqw2jaxHEmjgp31wI0fen4peD8MPpZ7wAEGVNXk5534AtPMA==}
    engines: {node: '>= 12'}
    cpu: [arm64]
    os: [linux]

  '@yuuang/ffi-rs-linux-x64-gnu@1.0.78':
    resolution: {integrity: sha512-F06eLf1ecyNucOsFXDtuGI87aTJacyJogWv+zQf9oNuyx2+7BSch+I8BczP0Gx4CAPQdZKWfumsmEjILkTi7QA==}
    engines: {node: '>= 12'}
    cpu: [x64]
    os: [linux]

  '@yuuang/ffi-rs-linux-x64-musl@1.0.78':
    resolution: {integrity: sha512-tJTNDNYLX5s+ioW+d9DCYWyEinCBxJcyBkyFSahjkxpk12Uo4Lo5Az4zlSLIZa4wigxvq8a5yR3p7VupwqR9uA==}
    engines: {node: '>= 12'}
    cpu: [x64]
    os: [linux]

  '@yuuang/ffi-rs-win32-arm64-msvc@1.0.78':
    resolution: {integrity: sha512-KvYmMMgwG28i3E1felb47lXLHGljeO5C+ocKwV/kAr78WO8flc3AAXLmrZILrCuIYg/qtnmc829lGxgIHbVybg==}
    engines: {node: '>= 12'}
    cpu: [arm64]
    os: [win32]

  '@yuuang/ffi-rs-win32-ia32-msvc@1.0.78':
    resolution: {integrity: sha512-ZYzHFnpGaegh2nbXU1KUHpA09c5GNBtrCiSqUQGDZIaWxSohYQWVfEgzqy0J7H8Gf6oOE2aj8goQzCfSDXGw9A==}
    engines: {node: '>= 12'}
    cpu: [x64, ia32]
    os: [win32]

  '@yuuang/ffi-rs-win32-x64-msvc@1.0.78':
    resolution: {integrity: sha512-ElGT6guBBRoCDgg5jXccrQFlQ6Gm658vNV4nl4BFltFkOouGwM4wk809bdskex+ruLbIwjLgekutaybArSu3DA==}
    engines: {node: '>= 12'}
    cpu: [x64]
    os: [win32]

  ffi-rs@1.0.78:
    resolution: {integrity: sha512-/SLQM9ptslr1QTREJm4vKlnsIe88CrwyCnExNEr87ZC3PtVL/qYTKRbpNAK4DKOp73B5aX853i8SVt5Q427OLg==}

snapshots:

  '@yuuang/ffi-rs-darwin-arm64@1.0.78':
    optional: true

  '@yuuang/ffi-rs-darwin-x64@1.0.78':
    optional: true

  '@yuuang/ffi-rs-linux-arm64-gnu@1.0.78':
    optional: true

  '@yuuang/ffi-rs-linux-arm64-musl@1.0.78':
    optional: true

  '@yuuang/ffi-rs-linux-x64-gnu@1.0.78':
    optional: true

  '@yuuang/ffi-rs-linux-x64-musl@1.0.78':
    optional: true

  '@yuuang/ffi-rs-win32-arm64-msvc@1.0.78':
    optional: true

  '@yuuang/ffi-rs-win32-ia32-msvc@1.0.78':
    optional: true

  '@yuuang/ffi-rs-win32-x64-msvc@1.0.78':
    optional: true

  ffi-rs@1.0.78:
    optionalDependencies:
      '@yuuang/ffi-rs-darwin-arm64': 1.0.78
      '@yuuang/ffi-rs-darwin-x64': 1.0.78
      '@yuuang/ffi-rs-linux-arm64-gnu': 1.0.78
      '@yuuang/ffi-rs-linux-arm64-musl': 1.0.78
      '@yuuang/ffi-rs-linux-x64-gnu': 1.0.78
      '@yuuang/ffi-rs-linux-x64-musl': 1.0.78
      '@yuuang/ffi-rs-win32-arm64-msvc': 1.0.78
      '@yuuang/ffi-rs-win32-ia32-msvc': 1.0.78
      '@yuuang/ffi-rs-win32-x64-msvc': 1.0.78
